// !$*UTF8*$!
{
	archiveVersion = 1;
	classes = {
	};
	objectVersion = 50;
	objects = {

/* Begin PBXBuildFile section */
		F61FD63126F33A9B00998CEC /* AppDelegate.swift in Sources */ = {isa = PBXBuildFile; fileRef = F61FD63026F33A9B00998CEC /* AppDelegate.swift */; };
		F61FD63326F33A9B00998CEC /* SceneDelegate.swift in Sources */ = {isa = PBXBuildFile; fileRef = F61FD63226F33A9B00998CEC /* SceneDelegate.swift */; };
		F61FD63526F33A9B00998CEC /* ViewController.swift in Sources */ = {isa = PBXBuildFile; fileRef = F61FD63426F33A9B00998CEC /* ViewController.swift */; };
		F61FD63826F33A9B00998CEC /* Main.storyboard in Resources */ = {isa = PBXBuildFile; fileRef = F61FD63626F33A9B00998CEC /* Main.storyboard */; };
		F61FD63A26F33A9C00998CEC /* Assets.xcassets in Resources */ = {isa = PBXBuildFile; fileRef = F61FD63926F33A9C00998CEC /* Assets.xcassets */; };
		F61FD63D26F33A9C00998CEC /* LaunchScreen.storyboard in Resources */ = {isa = PBXBuildFile; fileRef = F61FD63B26F33A9C00998CEC /* LaunchScreen.storyboard */; };
		F67A23EE270C3B0E00C658AD /* Card.swift in Sources */ = {isa = PBXBuildFile; fileRef = F67A23ED270C3B0E00C658AD /* Card.swift */; };
		F67A23F0270C3B6300C658AD /* ConcentrationGame.swift in Sources */ = {isa = PBXBuildFile; fileRef = F67A23EF270C3B6300C658AD /* ConcentrationGame.swift */; };
/* End PBXBuildFile section */

/* Begin PBXFileReference section */
		F61FD62D26F33A9B00998CEC /* onlyOne.app */ = {isa = PBXFileReference; explicitFileType = wrapper.application; includeInIndex = 0; path = onlyOne.app; sourceTree = BUILT_PRODUCTS_DIR; };
		F61FD63026F33A9B00998CEC /* AppDelegate.swift */ = {isa = PBXFileReference; lastKnownFileType = sourcecode.swift; path = AppDelegate.swift; sourceTree = "<group>"; };
		F61FD63226F33A9B00998CEC /* SceneDelegate.swift */ = {isa = PBXFileReference; lastKnownFileType = sourcecode.swift; path = SceneDelegate.swift; sourceTree = "<group>"; };
		F61FD63426F33A9B00998CEC /* ViewController.swift */ = {isa = PBXFileReference; lastKnownFileType = sourcecode.swift; path = ViewController.swift; sourceTree = "<group>"; };
		F61FD63726F33A9B00998CEC /* Base */ = {isa = PBXFileReference; lastKnownFileType = file.storyboard; name = Base; path = Base.lproj/Main.storyboard; sourceTree = "<group>"; };
		F61FD63926F33A9C00998CEC /* Assets.xcassets */ = {isa = PBXFileReference; lastKnownFileType = folder.assetcatalog; path = Assets.xcassets; sourceTree = "<group>"; };
		F61FD63C26F33A9C00998CEC /* Base */ = {isa = PBXFileReference; lastKnownFileType = file.storyboard; name = Base; path = Base.lproj/LaunchScreen.storyboard; sourceTree = "<group>"; };
		F61FD63E26F33A9C00998CEC /* Info.plist */ = {isa = PBXFileReference; lastKnownFileType = text.plist.xml; path = Info.plist; sourceTree = "<group>"; };
		F67A23ED270C3B0E00C658AD /* Card.swift */ = {isa = PBXFileReference; lastKnownFileType = sourcecode.swift; path = Card.swift; sourceTree = "<group>"; };
		F67A23EF270C3B6300C658AD /* ConcentrationGame.swift */ = {isa = PBXFileReference; lastKnownFileType = sourcecode.swift; path = ConcentrationGame.swift; sourceTree = "<group>"; };
/* End PBXFileReference section */

/* Begin PBXFrameworksBuildPhase section */
		F61FD62A26F33A9B00998CEC /* Frameworks */ = {
			isa = PBXFrameworksBuildPhase;
			buildActionMask = 2147483647;
			files = (
			);
			runOnlyForDeploymentPostprocessing = 0;
		};
/* End PBXFrameworksBuildPhase section */

/* Begin PBXGroup section */
		F61FD62426F33A9B00998CEC = {
			isa = PBXGroup;
			children = (
				F61FD62F26F33A9B00998CEC /* onlyOne */,
				F61FD62E26F33A9B00998CEC /* Products */,
			);
			sourceTree = "<group>";
		};
		F61FD62E26F33A9B00998CEC /* Products */ = {
			isa = PBXGroup;
			children = (
				F61FD62D26F33A9B00998CEC /* onlyOne.app */,
			);
			name = Products;
			sourceTree = "<group>";
		};
		F61FD62F26F33A9B00998CEC /* onlyOne */ = {
			isa = PBXGroup;
			children = (
				F61FD63026F33A9B00998CEC /* AppDelegate.swift */,
				F61FD63226F33A9B00998CEC /* SceneDelegate.swift */,
				F61FD63426F33A9B00998CEC /* ViewController.swift */,
				F67A23EF270C3B6300C658AD /* ConcentrationGame.swift */,
				F67A23ED270C3B0E00C658AD /* Card.swift */,
				F61FD63626F33A9B00998CEC /* Main.storyboard */,
				F61FD63926F33A9C00998CEC /* Assets.xcassets */,
				F61FD63B26F33A9C00998CEC /* LaunchScreen.storyboard */,
				F61FD63E26F33A9C00998CEC /* Info.plist */,
			);
			path = onlyOne;
			sourceTree = "<group>";
		};
/* End PBXGroup section */

/* Begin PBXNativeTarget section */
		F61FD62C26F33A9B00998CEC /* onlyOne */ = {
			isa = PBXNativeTarget;
			buildConfigurationList = F61FD64126F33A9C00998CEC /* Build configuration list for PBXNativeTarget "onlyOne" */;
			buildPhases = (
				F61FD62926F33A9B00998CEC /* Sources */,
				F61FD62A26F33A9B00998CEC /* Frameworks */,
				F61FD62B26F33A9B00998CEC /* Resources */,
			);
			buildRules = (
			);
			dependencies = (
			);
			name = onlyOne;
			productName = onlyOne;
			productReference = F61FD62D26F33A9B00998CEC /* onlyOne.app */;
			productType = "com.apple.product-type.application";
		};
/* End PBXNativeTarget section */

/* Begin PBXProject section */
		F61FD62526F33A9B00998CEC /* Project object */ = {
			isa = PBXProject;
			attributes = {
				LastSwiftUpdateCheck = 1250;
				LastUpgradeCheck = 1250;
				TargetAttributes = {
					F61FD62C26F33A9B00998CEC = {
						CreatedOnToolsVersion = 12.5.1;
					};
				};
			};
			buildConfigurationList = F61FD62826F33A9B00998CEC /* Build configuration list for PBXProject "onlyOne" */;
			compatibilityVersion = "Xcode 9.3";
			developmentRegion = en;
			hasScannedForEncodings = 0;
			knownRegions = (
				en,
				Base,
			);
			mainGroup = F61FD62426F33A9B00998CEC;
			productRefGroup = F61FD62E26F33A9B00998CEC /* Products */;
			projectDirPath = "";
			projectRoot = "";
			targets = (
				F61FD62C26F33A9B00998CEC /* onlyOne */,
			);
		};
/* End PBXProject section */

/* Begin PBXResourcesBuildPhase section */
		F61FD62B26F33A9B00998CEC /* Resources */ = {
			isa = PBXResourcesBuildPhase;
			buildActionMask = 2147483647;
			files = (
				F61FD63D26F33A9C00998CEC /* LaunchScreen.storyboard in Resources */,
				F61FD63A26F33A9C00998CEC /* Assets.xcassets in Resources */,
				F61FD63826F33A9B00998CEC /* Main.storyboard in Resources */,
			);
			runOnlyForDeploymentPostprocessing = 0;
		};
/* End PBXResourcesBuildPhase section */

/* Begin PBXSourcesBuildPhase section */
		F61FD62926F33A9B00998CEC /* Sources */ = {
			isa = PBXSourcesBuildPhase;
			buildActionMask = 2147483647;
			files = (
				F61FD63526F33A9B00998CEC /* ViewController.swift in Sources */,
				F61FD63126F33A9B00998CEC /* AppDelegate.swift in Sources */,
				F67A23F0270C3B6300C658AD /* ConcentrationGame.swift in Sources */,
				F61FD63326F33A9B00998CEC /* SceneDelegate.swift in Sources */,
				F67A23EE270C3B0E00C658AD /* Card.swift in Sources */,
			);
			runOnlyForDeploymentPostprocessing = 0;
		};
/* End PBXSourcesBuildPhase section */

/* Begin PBXVariantGroup section */
		F61FD63626F33A9B00998CEC /* Main.storyboard */ = {
			isa = PBXVariantGroup;
			children = (
				F61FD63726F33A9B00998CEC /* Base */,
			);
			name = Main.storyboard;
			sourceTree = "<group>";
		};
		F61FD63B26F33A9C00998CEC /* LaunchScreen.storyboard */ = {
			isa = PBXVariantGroup;
			children = (
				F61FD63C26F33A9C00998CEC /* Base */,
			);
			name = LaunchScreen.storyboard;
			sourceTree = "<group>";
		};
/* End PBXVariantGroup section */

/* Begin XCBuildConfiguration section */
		F61FD63F26F33A9C00998CEC /* Debug */ = {
			isa = XCBuildConfiguration;
			buildSettings = {
				ALWAYS_SEARCH_USER_PATHS = NO;
				CLANG_ANALYZER_NONNULL = YES;
				CLANG_ANALYZER_NUMBER_OBJECT_CONVERSION = YES_AGGRESSIVE;
				CLANG_CXX_LANGUAGE_STANDARD = "gnu++14";
				CLANG_CXX_LIBRARY = "libc++";
				CLANG_ENABLE_MODULES = YES;
				CLANG_ENABLE_OBJC_ARC = YES;
				CLANG_ENABLE_OBJC_WEAK = YES;
				CLANG_WARN_BLOCK_CAPTURE_AUTORELEASING = YES;
				CLANG_WARN_BOOL_CONVERSION = YES;
				CLANG_WARN_COMMA = YES;
				CLANG_WARN_CONSTANT_CONVERSION = YES;
				CLANG_WARN_DEPRECATED_OBJC_IMPLEMENTATIONS = YES;
				CLANG_WARN_DIRECT_OBJC_ISA_USAGE = YES_ERROR;
				CLANG_WARN_DOCUMENTATION_COMMENTS = YES;
				CLANG_WARN_EMPTY_BODY = YES;
				CLANG_WARN_ENUM_CONVERSION = YES;
				CLANG_WARN_INFINITE_RECURSION = YES;
				CLANG_WARN_INT_CONVERSION = YES;
				CLANG_WARN_NON_LITERAL_NULL_CONVERSION = YES;
				CLANG_WARN_OBJC_IMPLICIT_RETAIN_SELF = YES;
				CLANG_WARN_OBJC_LITERAL_CONVERSION = YES;
				CLANG_WARN_OBJC_ROOT_CLASS = YES_ERROR;
				CLANG_WARN_QUOTED_INCLUDE_IN_FRAMEWORK_HEADER = YES;
				CLANG_WARN_RANGE_LOOP_ANALYSIS = YES;
				CLANG_WARN_STRICT_PROTOTYPES = YES;
				CLANG_WARN_SUSPICIOUS_MOVE = YES;
				CLANG_WARN_UNGUARDED_AVAILABILITY = YES_AGGRESSIVE;
				CLANG_WARN_UNREACHABLE_CODE = YES;
				CLANG_WARN__DUPLICATE_METHOD_MATCH = YES;
				COPY_PHASE_STRIP = NO;
				DEBUG_INFORMATION_FORMAT = dwarf;
				ENABLE_STRICT_OBJC_MSGSEND = YES;
				ENABLE_TESTABILITY = YES;
				GCC_C_LANGUAGE_STANDARD = gnu11;
				GCC_DYNAMIC_NO_PIC = NO;
				GCC_NO_COMMON_BLOCKS = YES;
				GCC_OPTIMIZATION_LEVEL = 0;
				GCC_PREPROCESSOR_DEFINITIONS = (
					"DEBUG=1",
					"$(inherited)",
				);
				GCC_WARN_64_TO_32_BIT_CONVERSION = YES;
				GCC_WARN_ABOUT_RETURN_TYPE = YES_ERROR;
				GCC_WARN_UNDECLARED_SELECTOR = YES;
				GCC_WARN_UNINITIALIZED_AUTOS = YES_AGGRESSIVE;
				GCC_WARN_UNUSED_FUNCTION = YES;
				GCC_WARN_UNUSED_VARIABLE = YES;
				IPHONEOS_DEPLOYMENT_TARGET = 14.5;
				MTL_ENABLE_DEBUG_INFO = INCLUDE_SOURCE;
				MTL_FAST_MATH = YES;
				ONLY_ACTIVE_ARCH = YES;
				SDKROOT = iphoneos;
				SWIFT_ACTIVE_COMPILATION_CONDITIONS = DEBUG;
				SWIFT_OPTIMIZATION_LEVEL = "-Onone";
			};
			name = Debug;
		};
		F61FD64026F33A9C00998CEC /* Release */ = {
			isa = XCBuildConfiguration;
			buildSettings = {
				ALWAYS_SEARCH_USER_PATHS = NO;
				CLANG_ANALYZER_NONNULL = YES;
				CLANG_ANALYZER_NUMBER_OBJECT_CONVERSION = YES_AGGRESSIVE;
				CLANG_CXX_LANGUAGE_STANDARD = "gnu++14";
				CLANG_CXX_LIBRARY = "libc++";
				CLANG_ENABLE_MODULES = YES;
				CLANG_ENABLE_OBJC_ARC = YES;
				CLANG_ENABLE_OBJC_WEAK = YES;
				CLANG_WARN_BLOCK_CAPTURE_AUTORELEASING = YES;
				CLANG_WARN_BOOL_CONVERSION = YES;
				CLANG_WARN_COMMA = YES;
				CLANG_WARN_CONSTANT_CONVERSION = YES;
				CLANG_WARN_DEPRECATED_OBJC_IMPLEMENTATIONS = YES;
				CLANG_WARN_DIRECT_OBJC_ISA_USAGE = YES_ERROR;
				CLANG_WARN_DOCUMENTATION_COMMENTS = YES;
				CLANG_WARN_EMPTY_BODY = YES;
				CLANG_WARN_ENUM_CONVERSION = YES;
				CLANG_WARN_INFINITE_RECURSION = YES;
				CLANG_WARN_INT_CONVERSION = YES;
				CLANG_WARN_NON_LITERAL_NULL_CONVERSION = YES;
				CLANG_WARN_OBJC_IMPLICIT_RETAIN_SELF = YES;
				CLANG_WARN_OBJC_LITERAL_CONVERSION = YES;
				CLANG_WARN_OBJC_ROOT_CLASS = YES_ERROR;
				CLANG_WARN_QUOTED_INCLUDE_IN_FRAMEWORK_HEADER = YES;
				CLANG_WARN_RANGE_LOOP_ANALYSIS = YES;
				CLANG_WARN_STRICT_PROTOTYPES = YES;
				CLANG_WARN_SUSPICIOUS_MOVE = YES;
				CLANG_WARN_UNGUARDED_AVAILABILITY = YES_AGGRESSIVE;
				CLANG_WARN_UNREACHABLE_CODE = YES;
				CLANG_WARN__DUPLICATE_METHOD_MATCH = YES;
				COPY_PHASE_STRIP = NO;
				DEBUG_INFORMATION_FORMAT = "dwarf-with-dsym";
				ENABLE_NS_ASSERTIONS = NO;
				ENABLE_STRICT_OBJC_MSGSEND = YES;
				GCC_C_LANGUAGE_STANDARD = gnu11;
				GCC_NO_COMMON_BLOCKS = YES;
				GCC_WARN_64_TO_32_BIT_CONVERSION = YES;
				GCC_WARN_ABOUT_RETURN_TYPE = YES_ERROR;
				GCC_WARN_UNDECLARED_SELECTOR = YES;
				GCC_WARN_UNINITIALIZED_AUTOS = YES_AGGRESSIVE;
				GCC_WARN_UNUSED_FUNCTION = YES;
				GCC_WARN_UNUSED_VARIABLE = YES;
				IPHONEOS_DEPLOYMENT_TARGET = 14.5;
				MTL_ENABLE_DEBUG_INFO = NO;
				MTL_FAST_MATH = YES;
				SDKROOT = iphoneos;
				SWIFT_COMPILATION_MODE = wholemodule;
				SWIFT_OPTIMIZATION_LEVEL = "-O";
				VALIDATE_PRODUCT = YES;
			};
			name = Release;
		};
		F61FD64226F33A9C00998CEC /* Debug */ = {
			isa = XCBuildConfiguration;
			buildSettings = {
				ASSETCATALOG_COMPILER_APPICON_NAME = AppIcon;
				ASSETCATALOG_COMPILER_GLOBAL_ACCENT_COLOR_NAME = AccentColor;
				CODE_SIGN_STYLE = Automatic;
				DEVELOPMENT_TEAM = LV4QMTDDN4;
				INFOPLIST_FILE = onlyOne/Info.plist;
				LD_RUNPATH_SEARCH_PATHS = (
					"$(inherited)",
					"@executable_path/Frameworks",
				);
				PRODUCT_BUNDLE_IDENTIFIER = CrazyHearse.onlyOne;
				PRODUCT_NAME = "$(TARGET_NAME)";
				SWIFT_VERSION = 5.0;
				TARGETED_DEVICE_FAMILY = "1,2";
			};
			name = Debug;
		};
		F61FD64326F33A9C00998CEC /* Release */ = {
			isa = XCBuildConfiguration;
			buildSettings = {
				ASSETCATALOG_COMPILER_APPICON_NAME = AppIcon;
				ASSETCATALOG_COMPILER_GLOBAL_ACCENT_COLOR_NAME = AccentColor;
				CODE_SIGN_STYLE = Automatic;
				DEVELOPMENT_TEAM = LV4QMTDDN4;
				INFOPLIST_FILE = onlyOne/Info.plist;
				LD_RUNPATH_SEARCH_PATHS = (
					"$(inherited)",
					"@executable_path/Frameworks",
				);
				PRODUCT_BUNDLE_IDENTIFIER = CrazyHearse.onlyOne;
				PRODUCT_NAME = "$(TARGET_NAME)";
				SWIFT_VERSION = 5.0;
				TARGETED_DEVICE_FAMILY = "1,2";
			};
			name = Release;
		};
/* End XCBuildConfiguration section */

/* Begin XCConfigurationList section */
		F61FD62826F33A9B00998CEC /* Build configuration list for PBXProject "onlyOne" */ = {
			isa = XCConfigurationList;
			buildConfigurations = (
				F61FD63F26F33A9C00998CEC /* Debug */,
				F61FD64026F33A9C00998CEC /* Release */,
			);
			defaultConfigurationIsVisible = 0;
			defaultConfigurationName = Release;
		};
		F61FD64126F33A9C00998CEC /* Build configuration list for PBXNativeTarget "onlyOne" */ = {
			isa = XCConfigurationList;
			buildConfigurations = (
				F61FD64226F33A9C00998CEC /* Debug */,
				F61FD64326F33A9C00998CEC /* Release */,
			);
			defaultConfigurationIsVisible = 0;
			defaultConfigurationName = Release;
		};
/* End XCConfigurationList section */
	};
	rootObject = F61FD62526F33A9B00998CEC /* Project object */;
}
